
Microsoft Visual Studio Solution File, Format Version 11.00
# Visual Studio 2010
Project("{FAE04EC0-301F-11D3-BF4B-00C04F79EFBC}") = "MonoWithWeChartSDK", "MonoWithWeChartSDK\MonoWithWeChartSDK.csproj", "{445C6069-A990-42CF-B2BA-D832E01D408B}"
EndProject
Project("{FAE04EC0-301F-11D3-BF4B-00C04F79EFBC}") = "WeChartSDK", "WeChartSDK\WeChartSDK.csproj", "{4BB6A52A-BF45-4768-9870-D8E436EA0624}"
EndProject
Global
	GlobalSection(SolutionConfigurationPlatforms) = preSolution
		Debug|Any CPU = Debug|Any CPU
		Release|Any CPU = Release|Any CPU
	EndGlobalSection
	GlobalSection(ProjectConfigurationPlatforms) = postSolution
		{445C6069-A990-42CF-B2BA-D832E01D408B}.Debug|Any CPU.ActiveCfg = Debug|Any CPU
		{445C6069-A990-42CF-B2BA-D832E01D408B}.Debug|Any CPU.Build.0 = Debug|Any CPU
		{445C6069-A990-42CF-B2BA-D832E01D408B}.Debug|Any CPU.Deploy.0 = Debug|Any CPU
		{445C6069-A990-42CF-B2BA-D832E01D408B}.Release|Any CPU.ActiveCfg = Release|Any CPU
		{445C6069-A990-42CF-B2BA-D832E01D408B}.Release|Any CPU.Build.0 = Release|Any CPU
		{445C6069-A990-42CF-B2BA-D832E01D408B}.Release|Any CPU.Deploy.0 = Release|Any CPU
		{4BB6A52A-BF45-4768-9870-D8E436EA0624}.Debug|Any CPU.ActiveCfg = Debug|Any CPU
		{4BB6A52A-BF45-4768-9870-D8E436EA0624}.Debug|Any CPU.Build.0 = Debug|Any CPU
		{4BB6A52A-BF45-4768-9870-D8E436EA0624}.Release|Any CPU.ActiveCfg = Release|Any CPU
		{4BB6A52A-BF45-4768-9870-D8E436EA0624}.Release|Any CPU.Build.0 = Release|Any CPU
	EndGlobalSection
	GlobalSection(SolutionProperties) = preSolution
		HideSolutionNode = FALSE
	EndGlobalSection
EndGlobal
